
Microsoft Visual Studio Solution File, Format Version 12.00
# Visual Studio 15
VisualStudioVersion = 15.0.28307.572
MinimumVisualStudioVersion = 10.0.40219.1
Project("{FAE04EC0-301F-11D3-BF4B-00C04F79EFBC}") = "csConnectWiFi", "csConnectWiFi\csConnectWiFi.csproj", "{EFE2003E-4372-4C3E-B437-B3557ED3576C}"
EndProject
Global
	GlobalSection(SolutionConfigurationPlatforms) = preSolution
		Debug|x64 = Debug|x64
		Release|x64 = Release|x64
	EndGlobalSection
	GlobalSection(ProjectConfigurationPlatforms) = postSolution
		{EFE2003E-4372-4C3E-B437-B3557ED3576C}.Debug|x64.ActiveCfg = Debug|Any CPU
		{EFE2003E-4372-4C3E-B437-B3557ED3576C}.Debug|x64.Build.0 = Debug|Any CPU
		{EFE2003E-4372-4C3E-B437-B3557ED3576C}.Release|x64.ActiveCfg = Release|Any CPU
		{EFE2003E-4372-4C3E-B437-B3557ED3576C}.Release|x64.Build.0 = Release|Any CPU
	EndGlobalSection
	GlobalSection(SolutionProperties) = preSolution
		HideSolutionNode = FALSE
	EndGlobalSection
	GlobalSection(ExtensibilityGlobals) = postSolution
		SolutionGuid = {028BCC40-7741-456A-974D-E8A81D149290}
	EndGlobalSection
EndGlobal
